// !$*UTF8*$!
{
	archiveVersion = 1;
	classes = {
	};
	objectVersion = 46;
	objects = {

/* Begin PBXBuildFile section */
		B09D0D031C82661400ADB3BF /* AppDelegate.swift in Sources */ = {isa = PBXBuildFile; fileRef = B09D0D021C82661400ADB3BF /* AppDelegate.swift */; };
		B09D0D051C82661400ADB3BF /* ViewController.swift in Sources */ = {isa = PBXBuildFile; fileRef = B09D0D041C82661400ADB3BF /* ViewController.swift */; };
		B09D0D081C82661400ADB3BF /* Main.storyboard in Resources */ = {isa = PBXBuildFile; fileRef = B09D0D061C82661400ADB3BF /* Main.storyboard */; };
		B09D0D0A1C82661400ADB3BF /* Assets.xcassets in Resources */ = {isa = PBXBuildFile; fileRef = B09D0D091C82661400ADB3BF /* Assets.xcassets */; };
		B09D0D0D1C82661400ADB3BF /* LaunchScreen.storyboard in Resources */ = {isa = PBXBuildFile; fileRef = B09D0D0B1C82661400ADB3BF /* LaunchScreen.storyboard */; };
		B09D0D151C82685200ADB3BF /* TabBarController.swift in Sources */ = {isa = PBXBuildFile; fileRef = B09D0D141C82685200ADB3BF /* TabBarController.swift */; };
		B09D0D191C8269E900ADB3BF /* LayoutProxy.swift in Sources */ = {isa = PBXBuildFile; fileRef = B09D0D171C8269E900ADB3BF /* LayoutProxy.swift */; };
		B09D0D1A1C8269E900ADB3BF /* Manuscript.swift in Sources */ = {isa = PBXBuildFile; fileRef = B09D0D181C8269E900ADB3BF /* Manuscript.swift */; };
		B09D0D1E1C826AD400ADB3BF /* BrightFutures.framework in Frameworks */ = {isa = PBXBuildFile; fileRef = B09D0D1B1C826AD400ADB3BF /* BrightFutures.framework */; };
		B09D0D1F1C826AD400ADB3BF /* Prelude.framework in Frameworks */ = {isa = PBXBuildFile; fileRef = B09D0D1C1C826AD400ADB3BF /* Prelude.framework */; };
		B09D0D201C826AD400ADB3BF /* Result.framework in Frameworks */ = {isa = PBXBuildFile; fileRef = B09D0D1D1C826AD400ADB3BF /* Result.framework */; };
		B09D0D261C826EDA00ADB3BF /* Constants.swift in Sources */ = {isa = PBXBuildFile; fileRef = B09D0D251C826EDA00ADB3BF /* Constants.swift */; };
		B09D0D281C82729B00ADB3BF /* HEXColor.framework in Frameworks */ = {isa = PBXBuildFile; fileRef = B09D0D271C82729B00ADB3BF /* HEXColor.framework */; };
		B09D0D2B1C82878B00ADB3BF /* NavigationController.swift in Sources */ = {isa = PBXBuildFile; fileRef = B09D0D2A1C82878B00ADB3BF /* NavigationController.swift */; };
		B09D0D2D1C8288D900ADB3BF /* BaseViewController.swift in Sources */ = {isa = PBXBuildFile; fileRef = B09D0D2C1C8288D900ADB3BF /* BaseViewController.swift */; };
		B09D0D2F1C8288F900ADB3BF /* FindViewController.swift in Sources */ = {isa = PBXBuildFile; fileRef = B09D0D2E1C8288F900ADB3BF /* FindViewController.swift */; };
		B09D0D311C8290B600ADB3BF /* ProfileViewController.swift in Sources */ = {isa = PBXBuildFile; fileRef = B09D0D301C8290B600ADB3BF /* ProfileViewController.swift */; };
		B09D0D331C82913600ADB3BF /* SettingsViewController.swift in Sources */ = {isa = PBXBuildFile; fileRef = B09D0D321C82913600ADB3BF /* SettingsViewController.swift */; };
/* End PBXBuildFile section */

/* Begin PBXFileReference section */
		B09D0CFF1C82661400ADB3BF /* The Clap.app */ = {isa = PBXFileReference; explicitFileType = wrapper.application; includeInIndex = 0; path = "The Clap.app"; sourceTree = BUILT_PRODUCTS_DIR; };
		B09D0D021C82661400ADB3BF /* AppDelegate.swift */ = {isa = PBXFileReference; lastKnownFileType = sourcecode.swift; path = AppDelegate.swift; sourceTree = "<group>"; };
		B09D0D041C82661400ADB3BF /* ViewController.swift */ = {isa = PBXFileReference; lastKnownFileType = sourcecode.swift; path = ViewController.swift; sourceTree = "<group>"; };
		B09D0D071C82661400ADB3BF /* Base */ = {isa = PBXFileReference; lastKnownFileType = file.storyboard; name = Base; path = Base.lproj/Main.storyboard; sourceTree = "<group>"; };
		B09D0D091C82661400ADB3BF /* Assets.xcassets */ = {isa = PBXFileReference; lastKnownFileType = folder.assetcatalog; path = Assets.xcassets; sourceTree = "<group>"; };
		B09D0D0C1C82661400ADB3BF /* Base */ = {isa = PBXFileReference; lastKnownFileType = file.storyboard; name = Base; path = Base.lproj/LaunchScreen.storyboard; sourceTree = "<group>"; };
		B09D0D0E1C82661400ADB3BF /* Info.plist */ = {isa = PBXFileReference; lastKnownFileType = text.plist.xml; path = Info.plist; sourceTree = "<group>"; };
		B09D0D141C82685200ADB3BF /* TabBarController.swift */ = {isa = PBXFileReference; fileEncoding = 4; lastKnownFileType = sourcecode.swift; path = TabBarController.swift; sourceTree = "<group>"; };
		B09D0D171C8269E900ADB3BF /* LayoutProxy.swift */ = {isa = PBXFileReference; fileEncoding = 4; lastKnownFileType = sourcecode.swift; path = LayoutProxy.swift; sourceTree = "<group>"; };
		B09D0D181C8269E900ADB3BF /* Manuscript.swift */ = {isa = PBXFileReference; fileEncoding = 4; lastKnownFileType = sourcecode.swift; path = Manuscript.swift; sourceTree = "<group>"; };
		B09D0D1B1C826AD400ADB3BF /* BrightFutures.framework */ = {isa = PBXFileReference; lastKnownFileType = wrapper.framework; name = BrightFutures.framework; path = Carthage/Build/iOS/BrightFutures.framework; sourceTree = "<group>"; };
		B09D0D1C1C826AD400ADB3BF /* Prelude.framework */ = {isa = PBXFileReference; lastKnownFileType = wrapper.framework; name = Prelude.framework; path = Carthage/Build/iOS/Prelude.framework; sourceTree = "<group>"; };
		B09D0D1D1C826AD400ADB3BF /* Result.framework */ = {isa = PBXFileReference; lastKnownFileType = wrapper.framework; name = Result.framework; path = Carthage/Build/iOS/Result.framework; sourceTree = "<group>"; };
		B09D0D251C826EDA00ADB3BF /* Constants.swift */ = {isa = PBXFileReference; fileEncoding = 4; lastKnownFileType = sourcecode.swift; path = Constants.swift; sourceTree = "<group>"; };
		B09D0D271C82729B00ADB3BF /* HEXColor.framework */ = {isa = PBXFileReference; lastKnownFileType = wrapper.framework; name = HEXColor.framework; path = Carthage/Build/iOS/HEXColor.framework; sourceTree = "<group>"; };
		B09D0D2A1C82878B00ADB3BF /* NavigationController.swift */ = {isa = PBXFileReference; fileEncoding = 4; lastKnownFileType = sourcecode.swift; path = NavigationController.swift; sourceTree = "<group>"; };
		B09D0D2C1C8288D900ADB3BF /* BaseViewController.swift */ = {isa = PBXFileReference; fileEncoding = 4; lastKnownFileType = sourcecode.swift; path = BaseViewController.swift; sourceTree = "<group>"; };
		B09D0D2E1C8288F900ADB3BF /* FindViewController.swift */ = {isa = PBXFileReference; fileEncoding = 4; lastKnownFileType = sourcecode.swift; path = FindViewController.swift; sourceTree = "<group>"; };
		B09D0D301C8290B600ADB3BF /* ProfileViewController.swift */ = {isa = PBXFileReference; fileEncoding = 4; lastKnownFileType = sourcecode.swift; path = ProfileViewController.swift; sourceTree = "<group>"; };
		B09D0D321C82913600ADB3BF /* SettingsViewController.swift */ = {isa = PBXFileReference; fileEncoding = 4; lastKnownFileType = sourcecode.swift; path = SettingsViewController.swift; sourceTree = "<group>"; };
/* End PBXFileReference section */

/* Begin PBXFrameworksBuildPhase section */
		B09D0CFC1C82661400ADB3BF /* Frameworks */ = {
			isa = PBXFrameworksBuildPhase;
			buildActionMask = 2147483647;
			files = (
				B09D0D1E1C826AD400ADB3BF /* BrightFutures.framework in Frameworks */,
				B09D0D1F1C826AD400ADB3BF /* Prelude.framework in Frameworks */,
				B09D0D201C826AD400ADB3BF /* Result.framework in Frameworks */,
				B09D0D281C82729B00ADB3BF /* HEXColor.framework in Frameworks */,
			);
			runOnlyForDeploymentPostprocessing = 0;
		};
/* End PBXFrameworksBuildPhase section */

/* Begin PBXGroup section */
		B09D0CF61C82661300ADB3BF = {
			isa = PBXGroup;
			children = (
				B09D0D011C82661400ADB3BF /* The Clap */,
				B09D0D001C82661400ADB3BF /* Products */,
			);
			sourceTree = "<group>";
		};
		B09D0D001C82661400ADB3BF /* Products */ = {
			isa = PBXGroup;
			children = (
				B09D0CFF1C82661400ADB3BF /* The Clap.app */,
			);
			name = Products;
			sourceTree = "<group>";
		};
		B09D0D011C82661400ADB3BF /* The Clap */ = {
			isa = PBXGroup;
			children = (
				B09D0D021C82661400ADB3BF /* AppDelegate.swift */,
				B09D0D141C82685200ADB3BF /* TabBarController.swift */,
				B09D0D251C826EDA00ADB3BF /* Constants.swift */,
				B09D0D041C82661400ADB3BF /* ViewController.swift */,
				B09D0D061C82661400ADB3BF /* Main.storyboard */,
				B09D0D091C82661400ADB3BF /* Assets.xcassets */,
				B09D0D2C1C8288D900ADB3BF /* BaseViewController.swift */,
				B09D0D2E1C8288F900ADB3BF /* FindViewController.swift */,
				B09D0D301C8290B600ADB3BF /* ProfileViewController.swift */,
				B09D0D321C82913600ADB3BF /* SettingsViewController.swift */,
				B09D0D2A1C82878B00ADB3BF /* NavigationController.swift */,
				B09D0D0B1C82661400ADB3BF /* LaunchScreen.storyboard */,
				B09D0D171C8269E900ADB3BF /* LayoutProxy.swift */,
				B09D0D181C8269E900ADB3BF /* Manuscript.swift */,
				B09D0D0E1C82661400ADB3BF /* Info.plist */,
				B09D0D291C82804100ADB3BF /* Frameworks */,
			);
			path = "The Clap";
			sourceTree = "<group>";
		};
		B09D0D291C82804100ADB3BF /* Frameworks */ = {
			isa = PBXGroup;
			children = (
				B09D0D271C82729B00ADB3BF /* HEXColor.framework */,
				B09D0D1B1C826AD400ADB3BF /* BrightFutures.framework */,
				B09D0D1C1C826AD400ADB3BF /* Prelude.framework */,
				B09D0D1D1C826AD400ADB3BF /* Result.framework */,
			);
			name = Frameworks;
			path = ..;
			sourceTree = "<group>";
		};
/* End PBXGroup section */

/* Begin PBXNativeTarget section */
		B09D0CFE1C82661400ADB3BF /* The Clap */ = {
			isa = PBXNativeTarget;
			buildConfigurationList = B09D0D111C82661400ADB3BF /* Build configuration list for PBXNativeTarget "The Clap" */;
			buildPhases = (
				B09D0CFB1C82661400ADB3BF /* Sources */,
				B09D0CFC1C82661400ADB3BF /* Frameworks */,
				B09D0CFD1C82661400ADB3BF /* Resources */,
				B09D0D161C82693600ADB3BF /* ShellScript */,
			);
			buildRules = (
			);
			dependencies = (
			);
			name = "The Clap";
			productName = "The Clap";
			productReference = B09D0CFF1C82661400ADB3BF /* The Clap.app */;
			productType = "com.apple.product-type.application";
		};
/* End PBXNativeTarget section */

/* Begin PBXProject section */
		B09D0CF71C82661300ADB3BF /* Project object */ = {
			isa = PBXProject;
			attributes = {
				LastSwiftUpdateCheck = 0720;
				LastUpgradeCheck = 0720;
				ORGANIZATIONNAME = Numbits;
				TargetAttributes = {
					B09D0CFE1C82661400ADB3BF = {
						CreatedOnToolsVersion = 7.2.1;
					};
				};
			};
			buildConfigurationList = B09D0CFA1C82661300ADB3BF /* Build configuration list for PBXProject "The Clap" */;
			compatibilityVersion = "Xcode 3.2";
			developmentRegion = English;
			hasScannedForEncodings = 0;
			knownRegions = (
				en,
				Base,
			);
			mainGroup = B09D0CF61C82661300ADB3BF;
			productRefGroup = B09D0D001C82661400ADB3BF /* Products */;
			projectDirPath = "";
			projectRoot = "";
			targets = (
				B09D0CFE1C82661400ADB3BF /* The Clap */,
			);
		};
/* End PBXProject section */

/* Begin PBXResourcesBuildPhase section */
		B09D0CFD1C82661400ADB3BF /* Resources */ = {
			isa = PBXResourcesBuildPhase;
			buildActionMask = 2147483647;
			files = (
				B09D0D0D1C82661400ADB3BF /* LaunchScreen.storyboard in Resources */,
				B09D0D0A1C82661400ADB3BF /* Assets.xcassets in Resources */,
				B09D0D081C82661400ADB3BF /* Main.storyboard in Resources */,
			);
			runOnlyForDeploymentPostprocessing = 0;
		};
/* End PBXResourcesBuildPhase section */

/* Begin PBXShellScriptBuildPhase section */
		B09D0D161C82693600ADB3BF /* ShellScript */ = {
			isa = PBXShellScriptBuildPhase;
			buildActionMask = 2147483647;
			files = (
			);
			inputPaths = (
				"$(SRCROOT)/Carthage/Build/iOS/BrightFutures.framework",
				"$(SRCROOT)/Carthage/Build/iOS/Prelude.framework",
				"$(SRCROOT)/Carthage/Build/iOS/Result.framework",
				"$(SRCROOT)/Carthage/Build/iOS/HEXColor.framework",
			);
			outputPaths = (
			);
			runOnlyForDeploymentPostprocessing = 0;
			shellPath = /bin/sh;
			shellScript = "/usr/local/bin/carthage copy-frameworks";
		};
/* End PBXShellScriptBuildPhase section */

/* Begin PBXSourcesBuildPhase section */
		B09D0CFB1C82661400ADB3BF /* Sources */ = {
			isa = PBXSourcesBuildPhase;
			buildActionMask = 2147483647;
			files = (
				B09D0D331C82913600ADB3BF /* SettingsViewController.swift in Sources */,
				B09D0D191C8269E900ADB3BF /* LayoutProxy.swift in Sources */,
				B09D0D151C82685200ADB3BF /* TabBarController.swift in Sources */,
				B09D0D311C8290B600ADB3BF /* ProfileViewController.swift in Sources */,
				B09D0D051C82661400ADB3BF /* ViewController.swift in Sources */,
				B09D0D1A1C8269E900ADB3BF /* Manuscript.swift in Sources */,
				B09D0D031C82661400ADB3BF /* AppDelegate.swift in Sources */,
				B09D0D2F1C8288F900ADB3BF /* FindViewController.swift in Sources */,
				B09D0D2D1C8288D900ADB3BF /* BaseViewController.swift in Sources */,
				B09D0D2B1C82878B00ADB3BF /* NavigationController.swift in Sources */,
				B09D0D261C826EDA00ADB3BF /* Constants.swift in Sources */,
			);
			runOnlyForDeploymentPostprocessing = 0;
		};
/* End PBXSourcesBuildPhase section */

/* Begin PBXVariantGroup section */
		B09D0D061C82661400ADB3BF /* Main.storyboard */ = {
			isa = PBXVariantGroup;
			children = (
				B09D0D071C82661400ADB3BF /* Base */,
			);
			name = Main.storyboard;
			sourceTree = "<group>";
		};
		B09D0D0B1C82661400ADB3BF /* LaunchScreen.storyboard */ = {
			isa = PBXVariantGroup;
			children = (
				B09D0D0C1C82661400ADB3BF /* Base */,
			);
			name = LaunchScreen.storyboard;
			sourceTree = "<group>";
		};
/* End PBXVariantGroup section */

/* Begin XCBuildConfiguration section */
		B09D0D0F1C82661400ADB3BF /* Debug */ = {
			isa = XCBuildConfiguration;
			buildSettings = {
				ALWAYS_SEARCH_USER_PATHS = NO;
				CLANG_CXX_LANGUAGE_STANDARD = "gnu++0x";
				CLANG_CXX_LIBRARY = "libc++";
				CLANG_ENABLE_MODULES = YES;
				CLANG_ENABLE_OBJC_ARC = YES;
				CLANG_WARN_BOOL_CONVERSION = YES;
				CLANG_WARN_CONSTANT_CONVERSION = YES;
				CLANG_WARN_DIRECT_OBJC_ISA_USAGE = YES_ERROR;
				CLANG_WARN_EMPTY_BODY = YES;
				CLANG_WARN_ENUM_CONVERSION = YES;
				CLANG_WARN_INT_CONVERSION = YES;
				CLANG_WARN_OBJC_ROOT_CLASS = YES_ERROR;
				CLANG_WARN_UNREACHABLE_CODE = YES;
				CLANG_WARN__DUPLICATE_METHOD_MATCH = YES;
				"CODE_SIGN_IDENTITY[sdk=iphoneos*]" = "iPhone Developer";
				COPY_PHASE_STRIP = NO;
				DEBUG_INFORMATION_FORMAT = dwarf;
				ENABLE_STRICT_OBJC_MSGSEND = YES;
				ENABLE_TESTABILITY = YES;
				GCC_C_LANGUAGE_STANDARD = gnu99;
				GCC_DYNAMIC_NO_PIC = NO;
				GCC_NO_COMMON_BLOCKS = YES;
				GCC_OPTIMIZATION_LEVEL = 0;
				GCC_PREPROCESSOR_DEFINITIONS = (
					"DEBUG=1",
					"$(inherited)",
				);
				GCC_WARN_64_TO_32_BIT_CONVERSION = YES;
				GCC_WARN_ABOUT_RETURN_TYPE = YES_ERROR;
				GCC_WARN_UNDECLARED_SELECTOR = YES;
				GCC_WARN_UNINITIALIZED_AUTOS = YES_AGGRESSIVE;
				GCC_WARN_UNUSED_FUNCTION = YES;
				GCC_WARN_UNUSED_VARIABLE = YES;
				IPHONEOS_DEPLOYMENT_TARGET = 9.2;
				MTL_ENABLE_DEBUG_INFO = YES;
				ONLY_ACTIVE_ARCH = YES;
				SDKROOT = iphoneos;
				SWIFT_OPTIMIZATION_LEVEL = "-Onone";
			};
			name = Debug;
		};
		B09D0D101C82661400ADB3BF /* Release */ = {
			isa = XCBuildConfiguration;
			buildSettings = {
				ALWAYS_SEARCH_USER_PATHS = NO;
				CLANG_CXX_LANGUAGE_STANDARD = "gnu++0x";
				CLANG_CXX_LIBRARY = "libc++";
				CLANG_ENABLE_MODULES = YES;
				CLANG_ENABLE_OBJC_ARC = YES;
				CLANG_WARN_BOOL_CONVERSION = YES;
				CLANG_WARN_CONSTANT_CONVERSION = YES;
				CLANG_WARN_DIRECT_OBJC_ISA_USAGE = YES_ERROR;
				CLANG_WARN_EMPTY_BODY = YES;
				CLANG_WARN_ENUM_CONVERSION = YES;
				CLANG_WARN_INT_CONVERSION = YES;
				CLANG_WARN_OBJC_ROOT_CLASS = YES_ERROR;
				CLANG_WARN_UNREACHABLE_CODE = YES;
				CLANG_WARN__DUPLICATE_METHOD_MATCH = YES;
				"CODE_SIGN_IDENTITY[sdk=iphoneos*]" = "iPhone Developer";
				COPY_PHASE_STRIP = NO;
				DEBUG_INFORMATION_FORMAT = "dwarf-with-dsym";
				ENABLE_NS_ASSERTIONS = NO;
				ENABLE_STRICT_OBJC_MSGSEND = YES;
				GCC_C_LANGUAGE_STANDARD = gnu99;
				GCC_NO_COMMON_BLOCKS = YES;
				GCC_WARN_64_TO_32_BIT_CONVERSION = YES;
				GCC_WARN_ABOUT_RETURN_TYPE = YES_ERROR;
				GCC_WARN_UNDECLARED_SELECTOR = YES;
				GCC_WARN_UNINITIALIZED_AUTOS = YES_AGGRESSIVE;
				GCC_WARN_UNUSED_FUNCTION = YES;
				GCC_WARN_UNUSED_VARIABLE = YES;
				IPHONEOS_DEPLOYMENT_TARGET = 9.2;
				MTL_ENABLE_DEBUG_INFO = NO;
				SDKROOT = iphoneos;
				VALIDATE_PRODUCT = YES;
			};
			name = Release;
		};
		B09D0D121C82661400ADB3BF /* Debug */ = {
			isa = XCBuildConfiguration;
			buildSettings = {
				ASSETCATALOG_COMPILER_APPICON_NAME = AppIcon;
				FRAMEWORK_SEARCH_PATHS = (
					"$(inherited)",
					"$(PROJECT_DIR)/Carthage/Build/iOS",
				);
				INFOPLIST_FILE = "The Clap/Info.plist";
				LD_RUNPATH_SEARCH_PATHS = "$(inherited) @executable_path/Frameworks";
				PRODUCT_BUNDLE_IDENTIFIER = "com.numbits.The-Clap";
				PRODUCT_NAME = "$(TARGET_NAME)";
			};
			name = Debug;
		};
		B09D0D131C82661400ADB3BF /* Release */ = {
			isa = XCBuildConfiguration;
			buildSettings = {
				ASSETCATALOG_COMPILER_APPICON_NAME = AppIcon;
				FRAMEWORK_SEARCH_PATHS = (
					"$(inherited)",
					"$(PROJECT_DIR)/Carthage/Build/iOS",
				);
				INFOPLIST_FILE = "The Clap/Info.plist";
				LD_RUNPATH_SEARCH_PATHS = "$(inherited) @executable_path/Frameworks";
				PRODUCT_BUNDLE_IDENTIFIER = "com.numbits.The-Clap";
				PRODUCT_NAME = "$(TARGET_NAME)";
			};
			name = Release;
		};
/* End XCBuildConfiguration section */

/* Begin XCConfigurationList section */
		B09D0CFA1C82661300ADB3BF /* Build configuration list for PBXProject "The Clap" */ = {
			isa = XCConfigurationList;
			buildConfigurations = (
				B09D0D0F1C82661400ADB3BF /* Debug */,
				B09D0D101C82661400ADB3BF /* Release */,
			);
			defaultConfigurationIsVisible = 0;
			defaultConfigurationName = Release;
		};
		B09D0D111C82661400ADB3BF /* Build configuration list for PBXNativeTarget "The Clap" */ = {
			isa = XCConfigurationList;
			buildConfigurations = (
				B09D0D121C82661400ADB3BF /* Debug */,
				B09D0D131C82661400ADB3BF /* Release */,
			);
			defaultConfigurationIsVisible = 0;
		};
/* End XCConfigurationList section */
	};
	rootObject = B09D0CF71C82661300ADB3BF /* Project object */;
}
